
Microsoft Visual Studio Solution File, Format Version 12.00
# Visual Studio Version 17
VisualStudioVersion = 17.2.32519.379
MinimumVisualStudioVersion = 10.0.40219.1
Project("{FAE04EC0-301F-11D3-BF4B-00C04F79EFBC}") = "VideoGamesWA", "VideoGamesWA\VideoGamesWA.csproj", "{DB1E8893-BE8E-41F5-AE08-3A82BE9D9DFD}"
EndProject
Global
	GlobalSection(SolutionConfigurationPlatforms) = preSolution
		Debug|Any CPU = Debug|Any CPU
		Release|Any CPU = Release|Any CPU
	EndGlobalSection
	GlobalSection(ProjectConfigurationPlatforms) = postSolution
		{DB1E8893-BE8E-41F5-AE08-3A82BE9D9DFD}.Debug|Any CPU.ActiveCfg = Debug|Any CPU
		{DB1E8893-BE8E-41F5-AE08-3A82BE9D9DFD}.Debug|Any CPU.Build.0 = Debug|Any CPU
		{DB1E8893-BE8E-41F5-AE08-3A82BE9D9DFD}.Release|Any CPU.ActiveCfg = Release|Any CPU
		{DB1E8893-BE8E-41F5-AE08-3A82BE9D9DFD}.Release|Any CPU.Build.0 = Release|Any CPU
	EndGlobalSection
	GlobalSection(SolutionProperties) = preSolution
		HideSolutionNode = FALSE
	EndGlobalSection
	GlobalSection(ExtensibilityGlobals) = postSolution
		SolutionGuid = {23C82647-ED3F-4938-94E0-7144B05C9893}
	EndGlobalSection
EndGlobal
